
Microsoft Visual Studio Solution File, Format Version 12.00
Project("{2150E333-8FDC-42A3-9474-1A3956D46DE8}") = "src", "src", "{6A3850B8-16BC-4C64-984C-0B9E1F52DABC}"
	ProjectSection(SolutionItems) = preProject
		src\.env = src\.env
		src\docker-compose.yml = src\docker-compose.yml
		src\.gitignore = src\.gitignore
	EndProjectSection
EndProject
Project("{2150E333-8FDC-42A3-9474-1A3956D46DE8}") = "corePackages", "corePackages", "{C7066399-9FED-4A74-B25F-6FF6E8F35C91}"
EndProject
Project("{2150E333-8FDC-42A3-9474-1A3956D46DE8}") = "tumdex", "tumdex", "{425AE923-F23D-4CC1-82D7-1A82258E21A2}"
EndProject
Project("{FAE04EC0-301F-11D3-BF4B-00C04F79EFBC}") = "Core.Application", "src\corePackages\Core.Application\Core.Application.csproj", "{828C10C6-8BAA-4922-BBDF-3D07EF63268C}"
EndProject
Project("{FAE04EC0-301F-11D3-BF4B-00C04F79EFBC}") = "Core.CrossCuttingConcerns", "src\corePackages\Core.CrossCuttingConcerns\Core.CrossCuttingConcerns.csproj", "{A91B02A1-0C81-4DFD-9A88-C8BAE9366850}"
EndProject
Project("{FAE04EC0-301F-11D3-BF4B-00C04F79EFBC}") = "Core.Persistence", "src\corePackages\Core.Persistence\Core.Persistence.csproj", "{DD9B2F23-9256-4B8A-817E-C6A1F8D01CCD}"
EndProject
Project("{FAE04EC0-301F-11D3-BF4B-00C04F79EFBC}") = "WebAPI", "src\tumdex\WebAPI\WebAPI.csproj", "{8E97E910-D00B-49DA-A550-B19D7AD9A4E8}"
EndProject
Project("{FAE04EC0-301F-11D3-BF4B-00C04F79EFBC}") = "Application", "src\tumdex\Application\Application.csproj", "{7374B411-A9C3-49D3-9E5F-57D171394976}"
EndProject
Project("{FAE04EC0-301F-11D3-BF4B-00C04F79EFBC}") = "Domain", "src\tumdex\Domain\Domain.csproj", "{4A2E07DE-23C1-4F90-96C8-2091E92970EA}"
EndProject
Project("{FAE04EC0-301F-11D3-BF4B-00C04F79EFBC}") = "Persistence", "src\tumdex\Persistence\Persistence.csproj", "{21ABFA53-C5A2-467C-A294-37D5BF715D06}"
EndProject
Project("{FAE04EC0-301F-11D3-BF4B-00C04F79EFBC}") = "Infrastructure", "src\tumdex\Infrastructure\Infrastructure.csproj", "{2999EB0D-41EA-4BE7-899D-05FDF5DC2DE3}"
EndProject
Project("{FAE04EC0-301F-11D3-BF4B-00C04F79EFBC}") = "SignalR", "src\tumdex\SignalR\SignalR.csproj", "{5E05DA68-CA5C-49E3-BE78-AB2930CDF350}"
EndProject
Global
	GlobalSection(SolutionConfigurationPlatforms) = preSolution
		Debug|Any CPU = Debug|Any CPU
		Release|Any CPU = Release|Any CPU
	EndGlobalSection
	GlobalSection(NestedProjects) = preSolution
		{C7066399-9FED-4A74-B25F-6FF6E8F35C91} = {6A3850B8-16BC-4C64-984C-0B9E1F52DABC}
		{425AE923-F23D-4CC1-82D7-1A82258E21A2} = {6A3850B8-16BC-4C64-984C-0B9E1F52DABC}
		{828C10C6-8BAA-4922-BBDF-3D07EF63268C} = {C7066399-9FED-4A74-B25F-6FF6E8F35C91}
		{A91B02A1-0C81-4DFD-9A88-C8BAE9366850} = {C7066399-9FED-4A74-B25F-6FF6E8F35C91}
		{DD9B2F23-9256-4B8A-817E-C6A1F8D01CCD} = {C7066399-9FED-4A74-B25F-6FF6E8F35C91}
		{8E97E910-D00B-49DA-A550-B19D7AD9A4E8} = {425AE923-F23D-4CC1-82D7-1A82258E21A2}
		{7374B411-A9C3-49D3-9E5F-57D171394976} = {425AE923-F23D-4CC1-82D7-1A82258E21A2}
		{4A2E07DE-23C1-4F90-96C8-2091E92970EA} = {425AE923-F23D-4CC1-82D7-1A82258E21A2}
		{21ABFA53-C5A2-467C-A294-37D5BF715D06} = {425AE923-F23D-4CC1-82D7-1A82258E21A2}
		{2999EB0D-41EA-4BE7-899D-05FDF5DC2DE3} = {425AE923-F23D-4CC1-82D7-1A82258E21A2}
		{5E05DA68-CA5C-49E3-BE78-AB2930CDF350} = {425AE923-F23D-4CC1-82D7-1A82258E21A2}
	EndGlobalSection
	GlobalSection(ProjectConfigurationPlatforms) = postSolution
		{828C10C6-8BAA-4922-BBDF-3D07EF63268C}.Debug|Any CPU.ActiveCfg = Debug|Any CPU
		{828C10C6-8BAA-4922-BBDF-3D07EF63268C}.Debug|Any CPU.Build.0 = Debug|Any CPU
		{828C10C6-8BAA-4922-BBDF-3D07EF63268C}.Release|Any CPU.ActiveCfg = Release|Any CPU
		{828C10C6-8BAA-4922-BBDF-3D07EF63268C}.Release|Any CPU.Build.0 = Release|Any CPU
		{A91B02A1-0C81-4DFD-9A88-C8BAE9366850}.Debug|Any CPU.ActiveCfg = Debug|Any CPU
		{A91B02A1-0C81-4DFD-9A88-C8BAE9366850}.Debug|Any CPU.Build.0 = Debug|Any CPU
		{A91B02A1-0C81-4DFD-9A88-C8BAE9366850}.Release|Any CPU.ActiveCfg = Release|Any CPU
		{A91B02A1-0C81-4DFD-9A88-C8BAE9366850}.Release|Any CPU.Build.0 = Release|Any CPU
		{DD9B2F23-9256-4B8A-817E-C6A1F8D01CCD}.Debug|Any CPU.ActiveCfg = Debug|Any CPU
		{DD9B2F23-9256-4B8A-817E-C6A1F8D01CCD}.Debug|Any CPU.Build.0 = Debug|Any CPU
		{DD9B2F23-9256-4B8A-817E-C6A1F8D01CCD}.Release|Any CPU.ActiveCfg = Release|Any CPU
		{DD9B2F23-9256-4B8A-817E-C6A1F8D01CCD}.Release|Any CPU.Build.0 = Release|Any CPU
		{8E97E910-D00B-49DA-A550-B19D7AD9A4E8}.Debug|Any CPU.ActiveCfg = Debug|Any CPU
		{8E97E910-D00B-49DA-A550-B19D7AD9A4E8}.Debug|Any CPU.Build.0 = Debug|Any CPU
		{8E97E910-D00B-49DA-A550-B19D7AD9A4E8}.Release|Any CPU.ActiveCfg = Release|Any CPU
		{8E97E910-D00B-49DA-A550-B19D7AD9A4E8}.Release|Any CPU.Build.0 = Release|Any CPU
		{7374B411-A9C3-49D3-9E5F-57D171394976}.Debug|Any CPU.ActiveCfg = Debug|Any CPU
		{7374B411-A9C3-49D3-9E5F-57D171394976}.Debug|Any CPU.Build.0 = Debug|Any CPU
		{7374B411-A9C3-49D3-9E5F-57D171394976}.Release|Any CPU.ActiveCfg = Release|Any CPU
		{7374B411-A9C3-49D3-9E5F-57D171394976}.Release|Any CPU.Build.0 = Release|Any CPU
		{4A2E07DE-23C1-4F90-96C8-2091E92970EA}.Debug|Any CPU.ActiveCfg = Debug|Any CPU
		{4A2E07DE-23C1-4F90-96C8-2091E92970EA}.Debug|Any CPU.Build.0 = Debug|Any CPU
		{4A2E07DE-23C1-4F90-96C8-2091E92970EA}.Release|Any CPU.ActiveCfg = Release|Any CPU
		{4A2E07DE-23C1-4F90-96C8-2091E92970EA}.Release|Any CPU.Build.0 = Release|Any CPU
		{21ABFA53-C5A2-467C-A294-37D5BF715D06}.Debug|Any CPU.ActiveCfg = Debug|Any CPU
		{21ABFA53-C5A2-467C-A294-37D5BF715D06}.Debug|Any CPU.Build.0 = Debug|Any CPU
		{21ABFA53-C5A2-467C-A294-37D5BF715D06}.Release|Any CPU.ActiveCfg = Release|Any CPU
		{21ABFA53-C5A2-467C-A294-37D5BF715D06}.Release|Any CPU.Build.0 = Release|Any CPU
		{2999EB0D-41EA-4BE7-899D-05FDF5DC2DE3}.Debug|Any CPU.ActiveCfg = Debug|Any CPU
		{2999EB0D-41EA-4BE7-899D-05FDF5DC2DE3}.Debug|Any CPU.Build.0 = Debug|Any CPU
		{2999EB0D-41EA-4BE7-899D-05FDF5DC2DE3}.Release|Any CPU.ActiveCfg = Release|Any CPU
		{2999EB0D-41EA-4BE7-899D-05FDF5DC2DE3}.Release|Any CPU.Build.0 = Release|Any CPU
		{5E05DA68-CA5C-49E3-BE78-AB2930CDF350}.Debug|Any CPU.ActiveCfg = Debug|Any CPU
		{5E05DA68-CA5C-49E3-BE78-AB2930CDF350}.Debug|Any CPU.Build.0 = Debug|Any CPU
		{5E05DA68-CA5C-49E3-BE78-AB2930CDF350}.Release|Any CPU.ActiveCfg = Release|Any CPU
		{5E05DA68-CA5C-49E3-BE78-AB2930CDF350}.Release|Any CPU.Build.0 = Release|Any CPU
	EndGlobalSection
EndGlobal
